{
  "name": "airis-design-tokens-plugin",
  "version": "0.0.0",
  "lockfileVersion": 3,
  "requires": true,
  "packages": {
    "": {
      "name": "airis-design-tokens-plugin",
      "version": "0.0.0",
      "devDependencies": {
        "@figma/plugin-typings": "^1.100.2",
        "typescript": "^5.6.3"
      }
    },
    "node_modules/@figma/plugin-typings": {
      "version": "1.130.0",
      "resolved": "https://registry.npmjs.org/@figma/plugin-typings/-/plugin-typings-1.130.0.tgz",
      "integrity": "sha512-kz+eU4TXBr99YrMyF2/WtcsdS6K4Ksy3datZZtuCUUSDPRknJAVLZpjhBESCd0tCtHRWKeo4l/I7Aze6lHB52A==",
      "dev": true,
      "license": "MIT License"
    },
    "node_modules/typescript": {
      "version": "5.9.3",
      "resolved": "https://registry.npmjs.org/typescript/-/typescript-5.9.3.tgz",
      "integrity": "sha512-jl1vZzPDinLr9eUt3J/t7V6FgNEw9QjvBPdysz9KfQDD41fQrC2Y4vKQdiaUpFT4bXlb1RHhLpp8wtm6M5TgSw==",
      "dev": true,
      "license": "Apache-2.0",
      "bin": {
        "tsc": "bin/tsc",
        "tsserver": "bin/tsserver"
      },
      "engines": {
        "node": ">=14.17"
      }
    }
  }
}
